
Microsoft Visual Studio Solution File, Format Version 12.00
# Visual Studio Version 16
VisualStudioVersion = 16.0.30114.105
MinimumVisualStudioVersion = 10.0.40219.1
Project("{FAE04EC0-301F-11D3-BF4B-00C04F79EFBC}") = "CsvToPostgreSql", "CsvToPostgreSql\CsvToPostgreSql.csproj", "{DE63250B-EC7C-4C16-9A4A-4F6BE402F5B0}"
EndProject
Global
	GlobalSection(SolutionConfigurationPlatforms) = preSolution
		Debug|Any CPU = Debug|Any CPU
		Release|Any CPU = Release|Any CPU
	EndGlobalSection
	GlobalSection(SolutionProperties) = preSolution
		HideSolutionNode = FALSE
	EndGlobalSection
	GlobalSection(ProjectConfigurationPlatforms) = postSolution
		{DE63250B-EC7C-4C16-9A4A-4F6BE402F5B0}.Debug|Any CPU.ActiveCfg = Debug|Any CPU
		{DE63250B-EC7C-4C16-9A4A-4F6BE402F5B0}.Debug|Any CPU.Build.0 = Debug|Any CPU
		{DE63250B-EC7C-4C16-9A4A-4F6BE402F5B0}.Release|Any CPU.ActiveCfg = Release|Any CPU
		{DE63250B-EC7C-4C16-9A4A-4F6BE402F5B0}.Release|Any CPU.Build.0 = Release|Any CPU
	EndGlobalSection
EndGlobal
